
Microsoft Visual Studio Solution File, Format Version 12.00
# Visual Studio Version 17
VisualStudioVersion = 17.9.34714.143
MinimumVisualStudioVersion = 10.0.40219.1
Project("{FAE04EC0-301F-11D3-BF4B-00C04F79EFBC}") = "Trainingym", "Trainingym\Trainingym.csproj", "{D7CD657A-45DE-4C7E-B8FC-3B795337B407}"
EndProject
Global
	GlobalSection(SolutionConfigurationPlatforms) = preSolution
		Debug|Any CPU = Debug|Any CPU
		Release|Any CPU = Release|Any CPU
	EndGlobalSection
	GlobalSection(ProjectConfigurationPlatforms) = postSolution
		{D7CD657A-45DE-4C7E-B8FC-3B795337B407}.Debug|Any CPU.ActiveCfg = Debug|Any CPU
		{D7CD657A-45DE-4C7E-B8FC-3B795337B407}.Debug|Any CPU.Build.0 = Debug|Any CPU
		{D7CD657A-45DE-4C7E-B8FC-3B795337B407}.Release|Any CPU.ActiveCfg = Release|Any CPU
		{D7CD657A-45DE-4C7E-B8FC-3B795337B407}.Release|Any CPU.Build.0 = Release|Any CPU
	EndGlobalSection
	GlobalSection(SolutionProperties) = preSolution
		HideSolutionNode = FALSE
	EndGlobalSection
	GlobalSection(ExtensibilityGlobals) = postSolution
		SolutionGuid = {4F0C26F1-058E-4EAD-ABA3-2366D033CD37}
	EndGlobalSection
EndGlobal
